
Microsoft Visual Studio Solution File, Format Version 10.00
# Visual Studio 2008
# SharpDevelop 3.1.0.4545
Project("{A33008B1-5DAC-44D5-9060-242E3B6E38F2}") = "Core", "Core.booproj", "{f61c27c0-2ec7-4095-8443-e928af32dcd2}"
EndProject
Project("{FAE04EC0-301F-11D3-BF4B-00C04F79EFBC}") = "MD3Viewer", "..\MD3Viewer\MD3Viewer.csproj", "{AB0B1890-F158-4348-9226-5B446565E53D}"
EndProject
Project("{A33008B1-5DAC-44D5-9060-242E3B6E38F2}") = "Terrain", "..\Terrain\Terrain.booproj", "{38396876-22D3-4735-A2CC-08942541B8E2}"
EndProject
Project("{FAE04EC0-301F-11D3-BF4B-00C04F79EFBC}") = "LevelEditor", "..\LevelEditor\LevelEditor.csproj", "{BD5D0097-366D-4986-AF7F-1D79926F231C}"
EndProject
Project("{A33008B1-5DAC-44D5-9060-242E3B6E38F2}") = "Floored", "..\Floored\Floored.booproj", "{C58F6FE5-AE46-4613-AEAD-3CF2272AA757}"
EndProject
Project("{A33008B1-5DAC-44D5-9060-242E3B6E38F2}") = "AwesomiumIntegration", "..\AwesomiumIntegration\AwesomiumIntegration.booproj", "{900F4710-791F-48B7-9FA3-793CEC8EE76F}"
EndProject
Global
	GlobalSection(SolutionConfigurationPlatforms) = preSolution
		Debug|Any CPU = Debug|Any CPU
		Release|Any CPU = Release|Any CPU
	EndGlobalSection
	GlobalSection(ProjectConfigurationPlatforms) = postSolution
		{F61C27C0-2EC7-4095-8443-E928AF32DCD2}.Debug|Any CPU.Build.0 = Debug|Any CPU
		{F61C27C0-2EC7-4095-8443-E928AF32DCD2}.Debug|Any CPU.ActiveCfg = Debug|Any CPU
		{F61C27C0-2EC7-4095-8443-E928AF32DCD2}.Release|Any CPU.Build.0 = Release|Any CPU
		{F61C27C0-2EC7-4095-8443-E928AF32DCD2}.Release|Any CPU.ActiveCfg = Release|Any CPU
		{AB0B1890-F158-4348-9226-5B446565E53D}.Debug|Any CPU.Build.0 = Debug|Any CPU
		{AB0B1890-F158-4348-9226-5B446565E53D}.Debug|Any CPU.ActiveCfg = Debug|Any CPU
		{AB0B1890-F158-4348-9226-5B446565E53D}.Release|Any CPU.Build.0 = Release|Any CPU
		{AB0B1890-F158-4348-9226-5B446565E53D}.Release|Any CPU.ActiveCfg = Release|Any CPU
		{38396876-22D3-4735-A2CC-08942541B8E2}.Debug|Any CPU.Build.0 = Debug|Any CPU
		{38396876-22D3-4735-A2CC-08942541B8E2}.Debug|Any CPU.ActiveCfg = Debug|Any CPU
		{38396876-22D3-4735-A2CC-08942541B8E2}.Release|Any CPU.Build.0 = Release|Any CPU
		{38396876-22D3-4735-A2CC-08942541B8E2}.Release|Any CPU.ActiveCfg = Release|Any CPU
		{BD5D0097-366D-4986-AF7F-1D79926F231C}.Debug|Any CPU.Build.0 = Debug|Any CPU
		{BD5D0097-366D-4986-AF7F-1D79926F231C}.Debug|Any CPU.ActiveCfg = Debug|Any CPU
		{BD5D0097-366D-4986-AF7F-1D79926F231C}.Release|Any CPU.Build.0 = Release|Any CPU
		{BD5D0097-366D-4986-AF7F-1D79926F231C}.Release|Any CPU.ActiveCfg = Release|Any CPU
		{C58F6FE5-AE46-4613-AEAD-3CF2272AA757}.Debug|Any CPU.Build.0 = Debug|Any CPU
		{C58F6FE5-AE46-4613-AEAD-3CF2272AA757}.Debug|Any CPU.ActiveCfg = Debug|Any CPU
		{C58F6FE5-AE46-4613-AEAD-3CF2272AA757}.Release|Any CPU.Build.0 = Release|Any CPU
		{C58F6FE5-AE46-4613-AEAD-3CF2272AA757}.Release|Any CPU.ActiveCfg = Release|Any CPU
		{900F4710-791F-48B7-9FA3-793CEC8EE76F}.Debug|Any CPU.Build.0 = Debug|Any CPU
		{900F4710-791F-48B7-9FA3-793CEC8EE76F}.Debug|Any CPU.ActiveCfg = Debug|Any CPU
		{900F4710-791F-48B7-9FA3-793CEC8EE76F}.Release|Any CPU.Build.0 = Release|Any CPU
		{900F4710-791F-48B7-9FA3-793CEC8EE76F}.Release|Any CPU.ActiveCfg = Release|Any CPU
	EndGlobalSection
EndGlobal
